
Microsoft Visual Studio Solution File, Format Version 12.00
# Visual Studio Version 17
VisualStudioVersion = 17.5.33627.172
MinimumVisualStudioVersion = 10.0.40219.1
Project("{FAE04EC0-301F-11D3-BF4B-00C04F79EFBC}") = "EasyCashIdentityProjectEntityLayer", "EasyCashIdentityProjectEntityLayer\EasyCashIdentityProjectEntityLayer.csproj", "{0240879E-23DD-4E09-8BFC-38266EBA3BD3}"
EndProject
Project("{FAE04EC0-301F-11D3-BF4B-00C04F79EFBC}") = "EasyCashIdentityProjectDataAccessLayer", "EasyCashIdentityProjectDataAccessLayer\EasyCashIdentityProjectDataAccessLayer.csproj", "{D772F987-AADE-4C0E-9BEC-E1E625EB86EC}"
EndProject
Project("{FAE04EC0-301F-11D3-BF4B-00C04F79EFBC}") = "EasyCashIdentityProjectBusinessLayer", "EasyCashIdentityProjectBusinessLayer\EasyCashIdentityProjectBusinessLayer.csproj", "{BC712B52-69AC-4994-A1A8-7DCFD6C23574}"
EndProject
Project("{FAE04EC0-301F-11D3-BF4B-00C04F79EFBC}") = "EasyCashIdentityProjectDtoLayer", "EasyCashIdentityProjectDtoLayer\EasyCashIdentityProjectDtoLayer.csproj", "{BE98D3C8-78D7-41F0-B5C8-D8B3EB3CDFEA}"
EndProject
Project("{FAE04EC0-301F-11D3-BF4B-00C04F79EFBC}") = "EasyCashIdentityProjectPresentationLayer", "EasyCashIdentityProjectPresentationLayer\EasyCashIdentityProjectPresentationLayer.csproj", "{4CC6CCFD-FA75-40B3-A43D-54B045A5F499}"
EndProject
Global
	GlobalSection(SolutionConfigurationPlatforms) = preSolution
		Debug|Any CPU = Debug|Any CPU
		Release|Any CPU = Release|Any CPU
	EndGlobalSection
	GlobalSection(ProjectConfigurationPlatforms) = postSolution
		{0240879E-23DD-4E09-8BFC-38266EBA3BD3}.Debug|Any CPU.ActiveCfg = Debug|Any CPU
		{0240879E-23DD-4E09-8BFC-38266EBA3BD3}.Debug|Any CPU.Build.0 = Debug|Any CPU
		{0240879E-23DD-4E09-8BFC-38266EBA3BD3}.Release|Any CPU.ActiveCfg = Release|Any CPU
		{0240879E-23DD-4E09-8BFC-38266EBA3BD3}.Release|Any CPU.Build.0 = Release|Any CPU
		{D772F987-AADE-4C0E-9BEC-E1E625EB86EC}.Debug|Any CPU.ActiveCfg = Debug|Any CPU
		{D772F987-AADE-4C0E-9BEC-E1E625EB86EC}.Debug|Any CPU.Build.0 = Debug|Any CPU
		{D772F987-AADE-4C0E-9BEC-E1E625EB86EC}.Release|Any CPU.ActiveCfg = Release|Any CPU
		{D772F987-AADE-4C0E-9BEC-E1E625EB86EC}.Release|Any CPU.Build.0 = Release|Any CPU
		{BC712B52-69AC-4994-A1A8-7DCFD6C23574}.Debug|Any CPU.ActiveCfg = Debug|Any CPU
		{BC712B52-69AC-4994-A1A8-7DCFD6C23574}.Debug|Any CPU.Build.0 = Debug|Any CPU
		{BC712B52-69AC-4994-A1A8-7DCFD6C23574}.Release|Any CPU.ActiveCfg = Release|Any CPU
		{BC712B52-69AC-4994-A1A8-7DCFD6C23574}.Release|Any CPU.Build.0 = Release|Any CPU
		{BE98D3C8-78D7-41F0-B5C8-D8B3EB3CDFEA}.Debug|Any CPU.ActiveCfg = Debug|Any CPU
		{BE98D3C8-78D7-41F0-B5C8-D8B3EB3CDFEA}.Debug|Any CPU.Build.0 = Debug|Any CPU
		{BE98D3C8-78D7-41F0-B5C8-D8B3EB3CDFEA}.Release|Any CPU.ActiveCfg = Release|Any CPU
		{BE98D3C8-78D7-41F0-B5C8-D8B3EB3CDFEA}.Release|Any CPU.Build.0 = Release|Any CPU
		{4CC6CCFD-FA75-40B3-A43D-54B045A5F499}.Debug|Any CPU.ActiveCfg = Debug|Any CPU
		{4CC6CCFD-FA75-40B3-A43D-54B045A5F499}.Debug|Any CPU.Build.0 = Debug|Any CPU
		{4CC6CCFD-FA75-40B3-A43D-54B045A5F499}.Release|Any CPU.ActiveCfg = Release|Any CPU
		{4CC6CCFD-FA75-40B3-A43D-54B045A5F499}.Release|Any CPU.Build.0 = Release|Any CPU
	EndGlobalSection
	GlobalSection(SolutionProperties) = preSolution
		HideSolutionNode = FALSE
	EndGlobalSection
	GlobalSection(ExtensibilityGlobals) = postSolution
		SolutionGuid = {5FAB7D54-157B-4212-A4E0-97525632A7BE}
	EndGlobalSection
EndGlobal
